// !$*UTF8*$!
{
	archiveVersion = 1;
	classes = {
	};
	objectVersion = 55;
	objects = {

/* Begin PBXBuildFile section */
		70A9590928D33A3300540FDD /* AppDelegate.swift in Sources */ = {isa = PBXBuildFile; fileRef = 70A9590828D33A3300540FDD /* AppDelegate.swift */; };
		70A9590B28D33A3300540FDD /* SceneDelegate.swift in Sources */ = {isa = PBXBuildFile; fileRef = 70A9590A28D33A3300540FDD /* SceneDelegate.swift */; };
		70A9590D28D33A3300540FDD /* ViewController.swift in Sources */ = {isa = PBXBuildFile; fileRef = 70A9590C28D33A3300540FDD /* ViewController.swift */; };
		70A9591028D33A3300540FDD /* Main.storyboard in Resources */ = {isa = PBXBuildFile; fileRef = 70A9590E28D33A3300540FDD /* Main.storyboard */; };
		70A9591328D33A3300540FDD /* TwitterApp.xcdatamodeld in Sources */ = {isa = PBXBuildFile; fileRef = 70A9591128D33A3300540FDD /* TwitterApp.xcdatamodeld */; };
		70A9591528D33A3400540FDD /* Assets.xcassets in Resources */ = {isa = PBXBuildFile; fileRef = 70A9591428D33A3400540FDD /* Assets.xcassets */; };
		70A9591828D33A3400540FDD /* LaunchScreen.storyboard in Resources */ = {isa = PBXBuildFile; fileRef = 70A9591628D33A3400540FDD /* LaunchScreen.storyboard */; };
		70A9592328D33A3500540FDD /* TwitterAppTests.swift in Sources */ = {isa = PBXBuildFile; fileRef = 70A9592228D33A3500540FDD /* TwitterAppTests.swift */; };
		70A9592D28D33A3500540FDD /* TwitterAppUITests.swift in Sources */ = {isa = PBXBuildFile; fileRef = 70A9592C28D33A3500540FDD /* TwitterAppUITests.swift */; };
		70A9592F28D33A3500540FDD /* TwitterAppUITestsLaunchTests.swift in Sources */ = {isa = PBXBuildFile; fileRef = 70A9592E28D33A3500540FDD /* TwitterAppUITestsLaunchTests.swift */; };
/* End PBXBuildFile section */

/* Begin PBXContainerItemProxy section */
		70A9591F28D33A3500540FDD /* PBXContainerItemProxy */ = {
			isa = PBXContainerItemProxy;
			containerPortal = 70A958FD28D33A3300540FDD /* Project object */;
			proxyType = 1;
			remoteGlobalIDString = 70A9590428D33A3300540FDD;
			remoteInfo = TwitterApp;
		};
		70A9592928D33A3500540FDD /* PBXContainerItemProxy */ = {
			isa = PBXContainerItemProxy;
			containerPortal = 70A958FD28D33A3300540FDD /* Project object */;
			proxyType = 1;
			remoteGlobalIDString = 70A9590428D33A3300540FDD;
			remoteInfo = TwitterApp;
		};
/* End PBXContainerItemProxy section */

/* Begin PBXFileReference section */
		70A9590528D33A3300540FDD /* TwitterApp.app */ = {isa = PBXFileReference; explicitFileType = wrapper.application; includeInIndex = 0; path = TwitterApp.app; sourceTree = BUILT_PRODUCTS_DIR; };
		70A9590828D33A3300540FDD /* AppDelegate.swift */ = {isa = PBXFileReference; lastKnownFileType = sourcecode.swift; path = AppDelegate.swift; sourceTree = "<group>"; };
		70A9590A28D33A3300540FDD /* SceneDelegate.swift */ = {isa = PBXFileReference; lastKnownFileType = sourcecode.swift; path = SceneDelegate.swift; sourceTree = "<group>"; };
		70A9590C28D33A3300540FDD /* ViewController.swift */ = {isa = PBXFileReference; lastKnownFileType = sourcecode.swift; path = ViewController.swift; sourceTree = "<group>"; };
		70A9590F28D33A3300540FDD /* Base */ = {isa = PBXFileReference; lastKnownFileType = file.storyboard; name = Base; path = Base.lproj/Main.storyboard; sourceTree = "<group>"; };
		70A9591228D33A3300540FDD /* TwitterApp.xcdatamodel */ = {isa = PBXFileReference; lastKnownFileType = wrapper.xcdatamodel; path = TwitterApp.xcdatamodel; sourceTree = "<group>"; };
		70A9591428D33A3400540FDD /* Assets.xcassets */ = {isa = PBXFileReference; lastKnownFileType = folder.assetcatalog; path = Assets.xcassets; sourceTree = "<group>"; };
		70A9591728D33A3400540FDD /* Base */ = {isa = PBXFileReference; lastKnownFileType = file.storyboard; name = Base; path = Base.lproj/LaunchScreen.storyboard; sourceTree = "<group>"; };
		70A9591928D33A3400540FDD /* Info.plist */ = {isa = PBXFileReference; lastKnownFileType = text.plist.xml; path = Info.plist; sourceTree = "<group>"; };
		70A9591E28D33A3500540FDD /* TwitterAppTests.xctest */ = {isa = PBXFileReference; explicitFileType = wrapper.cfbundle; includeInIndex = 0; path = TwitterAppTests.xctest; sourceTree = BUILT_PRODUCTS_DIR; };
		70A9592228D33A3500540FDD /* TwitterAppTests.swift */ = {isa = PBXFileReference; lastKnownFileType = sourcecode.swift; path = TwitterAppTests.swift; sourceTree = "<group>"; };
		70A9592828D33A3500540FDD /* TwitterAppUITests.xctest */ = {isa = PBXFileReference; explicitFileType = wrapper.cfbundle; includeInIndex = 0; path = TwitterAppUITests.xctest; sourceTree = BUILT_PRODUCTS_DIR; };
		70A9592C28D33A3500540FDD /* TwitterAppUITests.swift */ = {isa = PBXFileReference; lastKnownFileType = sourcecode.swift; path = TwitterAppUITests.swift; sourceTree = "<group>"; };
		70A9592E28D33A3500540FDD /* TwitterAppUITestsLaunchTests.swift */ = {isa = PBXFileReference; lastKnownFileType = sourcecode.swift; path = TwitterAppUITestsLaunchTests.swift; sourceTree = "<group>"; };
/* End PBXFileReference section */

/* Begin PBXFrameworksBuildPhase section */
		70A9590228D33A3300540FDD /* Frameworks */ = {
			isa = PBXFrameworksBuildPhase;
			buildActionMask = 2147483647;
			files = (
			);
			runOnlyForDeploymentPostprocessing = 0;
		};
		70A9591B28D33A3400540FDD /* Frameworks */ = {
			isa = PBXFrameworksBuildPhase;
			buildActionMask = 2147483647;
			files = (
			);
			runOnlyForDeploymentPostprocessing = 0;
		};
		70A9592528D33A3500540FDD /* Frameworks */ = {
			isa = PBXFrameworksBuildPhase;
			buildActionMask = 2147483647;
			files = (
			);
			runOnlyForDeploymentPostprocessing = 0;
		};
/* End PBXFrameworksBuildPhase section */

/* Begin PBXGroup section */
		70A958FC28D33A3300540FDD = {
			isa = PBXGroup;
			children = (
				70A9590728D33A3300540FDD /* TwitterApp */,
				70A9592128D33A3500540FDD /* TwitterAppTests */,
				70A9592B28D33A3500540FDD /* TwitterAppUITests */,
				70A9590628D33A3300540FDD /* Products */,
			);
			sourceTree = "<group>";
		};
		70A9590628D33A3300540FDD /* Products */ = {
			isa = PBXGroup;
			children = (
				70A9590528D33A3300540FDD /* TwitterApp.app */,
				70A9591E28D33A3500540FDD /* TwitterAppTests.xctest */,
				70A9592828D33A3500540FDD /* TwitterAppUITests.xctest */,
			);
			name = Products;
			sourceTree = "<group>";
		};
		70A9590728D33A3300540FDD /* TwitterApp */ = {
			isa = PBXGroup;
			children = (
				70A9590828D33A3300540FDD /* AppDelegate.swift */,
				70A9590A28D33A3300540FDD /* SceneDelegate.swift */,
				70A9590C28D33A3300540FDD /* ViewController.swift */,
				70A9590E28D33A3300540FDD /* Main.storyboard */,
				70A9591428D33A3400540FDD /* Assets.xcassets */,
				70A9591628D33A3400540FDD /* LaunchScreen.storyboard */,
				70A9591928D33A3400540FDD /* Info.plist */,
				70A9591128D33A3300540FDD /* TwitterApp.xcdatamodeld */,
			);
			path = TwitterApp;
			sourceTree = "<group>";
		};
		70A9592128D33A3500540FDD /* TwitterAppTests */ = {
			isa = PBXGroup;
			children = (
				70A9592228D33A3500540FDD /* TwitterAppTests.swift */,
			);
			path = TwitterAppTests;
			sourceTree = "<group>";
		};
		70A9592B28D33A3500540FDD /* TwitterAppUITests */ = {
			isa = PBXGroup;
			children = (
				70A9592C28D33A3500540FDD /* TwitterAppUITests.swift */,
				70A9592E28D33A3500540FDD /* TwitterAppUITestsLaunchTests.swift */,
			);
			path = TwitterAppUITests;
			sourceTree = "<group>";
		};
/* End PBXGroup section */

/* Begin PBXNativeTarget section */
		70A9590428D33A3300540FDD /* TwitterApp */ = {
			isa = PBXNativeTarget;
			buildConfigurationList = 70A9593228D33A3500540FDD /* Build configuration list for PBXNativeTarget "TwitterApp" */;
			buildPhases = (
				70A9590128D33A3300540FDD /* Sources */,
				70A9590228D33A3300540FDD /* Frameworks */,
				70A9590328D33A3300540FDD /* Resources */,
			);
			buildRules = (
			);
			dependencies = (
			);
			name = TwitterApp;
			productName = TwitterApp;
			productReference = 70A9590528D33A3300540FDD /* TwitterApp.app */;
			productType = "com.apple.product-type.application";
		};
		70A9591D28D33A3400540FDD /* TwitterAppTests */ = {
			isa = PBXNativeTarget;
			buildConfigurationList = 70A9593528D33A3500540FDD /* Build configuration list for PBXNativeTarget "TwitterAppTests" */;
			buildPhases = (
				70A9591A28D33A3400540FDD /* Sources */,
				70A9591B28D33A3400540FDD /* Frameworks */,
				70A9591C28D33A3400540FDD /* Resources */,
			);
			buildRules = (
			);
			dependencies = (
				70A9592028D33A3500540FDD /* PBXTargetDependency */,
			);
			name = TwitterAppTests;
			productName = TwitterAppTests;
			productReference = 70A9591E28D33A3500540FDD /* TwitterAppTests.xctest */;
			productType = "com.apple.product-type.bundle.unit-test";
		};
		70A9592728D33A3500540FDD /* TwitterAppUITests */ = {
			isa = PBXNativeTarget;
			buildConfigurationList = 70A9593828D33A3500540FDD /* Build configuration list for PBXNativeTarget "TwitterAppUITests" */;
			buildPhases = (
				70A9592428D33A3500540FDD /* Sources */,
				70A9592528D33A3500540FDD /* Frameworks */,
				70A9592628D33A3500540FDD /* Resources */,
			);
			buildRules = (
			);
			dependencies = (
				70A9592A28D33A3500540FDD /* PBXTargetDependency */,
			);
			name = TwitterAppUITests;
			productName = TwitterAppUITests;
			productReference = 70A9592828D33A3500540FDD /* TwitterAppUITests.xctest */;
			productType = "com.apple.product-type.bundle.ui-testing";
		};
/* End PBXNativeTarget section */

/* Begin PBXProject section */
		70A958FD28D33A3300540FDD /* Project object */ = {
			isa = PBXProject;
			attributes = {
				BuildIndependentTargetsInParallel = 1;
				LastSwiftUpdateCheck = 1340;
				LastUpgradeCheck = 1340;
				TargetAttributes = {
					70A9590428D33A3300540FDD = {
						CreatedOnToolsVersion = 13.4;
					};
					70A9591D28D33A3400540FDD = {
						CreatedOnToolsVersion = 13.4;
						TestTargetID = 70A9590428D33A3300540FDD;
					};
					70A9592728D33A3500540FDD = {
						CreatedOnToolsVersion = 13.4;
						TestTargetID = 70A9590428D33A3300540FDD;
					};
				};
			};
			buildConfigurationList = 70A9590028D33A3300540FDD /* Build configuration list for PBXProject "TwitterApp" */;
			compatibilityVersion = "Xcode 13.0";
			developmentRegion = en;
			hasScannedForEncodings = 0;
			knownRegions = (
				en,
				Base,
			);
			mainGroup = 70A958FC28D33A3300540FDD;
			productRefGroup = 70A9590628D33A3300540FDD /* Products */;
			projectDirPath = "";
			projectRoot = "";
			targets = (
				70A9590428D33A3300540FDD /* TwitterApp */,
				70A9591D28D33A3400540FDD /* TwitterAppTests */,
				70A9592728D33A3500540FDD /* TwitterAppUITests */,
			);
		};
/* End PBXProject section */

/* Begin PBXResourcesBuildPhase section */
		70A9590328D33A3300540FDD /* Resources */ = {
			isa = PBXResourcesBuildPhase;
			buildActionMask = 2147483647;
			files = (
				70A9591828D33A3400540FDD /* LaunchScreen.storyboard in Resources */,
				70A9591528D33A3400540FDD /* Assets.xcassets in Resources */,
				70A9591028D33A3300540FDD /* Main.storyboard in Resources */,
			);
			runOnlyForDeploymentPostprocessing = 0;
		};
		70A9591C28D33A3400540FDD /* Resources */ = {
			isa = PBXResourcesBuildPhase;
			buildActionMask = 2147483647;
			files = (
			);
			runOnlyForDeploymentPostprocessing = 0;
		};
		70A9592628D33A3500540FDD /* Resources */ = {
			isa = PBXResourcesBuildPhase;
			buildActionMask = 2147483647;
			files = (
			);
			runOnlyForDeploymentPostprocessing = 0;
		};
/* End PBXResourcesBuildPhase section */

/* Begin PBXSourcesBuildPhase section */
		70A9590128D33A3300540FDD /* Sources */ = {
			isa = PBXSourcesBuildPhase;
			buildActionMask = 2147483647;
			files = (
				70A9590D28D33A3300540FDD /* ViewController.swift in Sources */,
				70A9590928D33A3300540FDD /* AppDelegate.swift in Sources */,
				70A9590B28D33A3300540FDD /* SceneDelegate.swift in Sources */,
				70A9591328D33A3300540FDD /* TwitterApp.xcdatamodeld in Sources */,
			);
			runOnlyForDeploymentPostprocessing = 0;
		};
		70A9591A28D33A3400540FDD /* Sources */ = {
			isa = PBXSourcesBuildPhase;
			buildActionMask = 2147483647;
			files = (
				70A9592328D33A3500540FDD /* TwitterAppTests.swift in Sources */,
			);
			runOnlyForDeploymentPostprocessing = 0;
		};
		70A9592428D33A3500540FDD /* Sources */ = {
			isa = PBXSourcesBuildPhase;
			buildActionMask = 2147483647;
			files = (
				70A9592F28D33A3500540FDD /* TwitterAppUITestsLaunchTests.swift in Sources */,
				70A9592D28D33A3500540FDD /* TwitterAppUITests.swift in Sources */,
			);
			runOnlyForDeploymentPostprocessing = 0;
		};
/* End PBXSourcesBuildPhase section */

/* Begin PBXTargetDependency section */
		70A9592028D33A3500540FDD /* PBXTargetDependency */ = {
			isa = PBXTargetDependency;
			target = 70A9590428D33A3300540FDD /* TwitterApp */;
			targetProxy = 70A9591F28D33A3500540FDD /* PBXContainerItemProxy */;
		};
		70A9592A28D33A3500540FDD /* PBXTargetDependency */ = {
			isa = PBXTargetDependency;
			target = 70A9590428D33A3300540FDD /* TwitterApp */;
			targetProxy = 70A9592928D33A3500540FDD /* PBXContainerItemProxy */;
		};
/* End PBXTargetDependency section */

/* Begin PBXVariantGroup section */
		70A9590E28D33A3300540FDD /* Main.storyboard */ = {
			isa = PBXVariantGroup;
			children = (
				70A9590F28D33A3300540FDD /* Base */,
			);
			name = Main.storyboard;
			sourceTree = "<group>";
		};
		70A9591628D33A3400540FDD /* LaunchScreen.storyboard */ = {
			isa = PBXVariantGroup;
			children = (
				70A9591728D33A3400540FDD /* Base */,
			);
			name = LaunchScreen.storyboard;
			sourceTree = "<group>";
		};
/* End PBXVariantGroup section */

/* Begin XCBuildConfiguration section */
		70A9593028D33A3500540FDD /* Debug */ = {
			isa = XCBuildConfiguration;
			buildSettings = {
				ALWAYS_SEARCH_USER_PATHS = NO;
				CLANG_ANALYZER_NONNULL = YES;
				CLANG_ANALYZER_NUMBER_OBJECT_CONVERSION = YES_AGGRESSIVE;
				CLANG_CXX_LANGUAGE_STANDARD = "gnu++17";
				CLANG_ENABLE_MODULES = YES;
				CLANG_ENABLE_OBJC_ARC = YES;
				CLANG_ENABLE_OBJC_WEAK = YES;
				CLANG_WARN_BLOCK_CAPTURE_AUTORELEASING = YES;
				CLANG_WARN_BOOL_CONVERSION = YES;
				CLANG_WARN_COMMA = YES;
				CLANG_WARN_CONSTANT_CONVERSION = YES;
				CLANG_WARN_DEPRECATED_OBJC_IMPLEMENTATIONS = YES;
				CLANG_WARN_DIRECT_OBJC_ISA_USAGE = YES_ERROR;
				CLANG_WARN_DOCUMENTATION_COMMENTS = YES;
				CLANG_WARN_EMPTY_BODY = YES;
				CLANG_WARN_ENUM_CONVERSION = YES;
				CLANG_WARN_INFINITE_RECURSION = YES;
				CLANG_WARN_INT_CONVERSION = YES;
				CLANG_WARN_NON_LITERAL_NULL_CONVERSION = YES;
				CLANG_WARN_OBJC_IMPLICIT_RETAIN_SELF = YES;
				CLANG_WARN_OBJC_LITERAL_CONVERSION = YES;
				CLANG_WARN_OBJC_ROOT_CLASS = YES_ERROR;
				CLANG_WARN_QUOTED_INCLUDE_IN_FRAMEWORK_HEADER = YES;
				CLANG_WARN_RANGE_LOOP_ANALYSIS = YES;
				CLANG_WARN_STRICT_PROTOTYPES = YES;
				CLANG_WARN_SUSPICIOUS_MOVE = YES;
				CLANG_WARN_UNGUARDED_AVAILABILITY = YES_AGGRESSIVE;
				CLANG_WARN_UNREACHABLE_CODE = YES;
				CLANG_WARN__DUPLICATE_METHOD_MATCH = YES;
				COPY_PHASE_STRIP = NO;
				DEBUG_INFORMATION_FORMAT = dwarf;
				ENABLE_STRICT_OBJC_MSGSEND = YES;
				ENABLE_TESTABILITY = YES;
				GCC_C_LANGUAGE_STANDARD = gnu11;
				GCC_DYNAMIC_NO_PIC = NO;
				GCC_NO_COMMON_BLOCKS = YES;
				GCC_OPTIMIZATION_LEVEL = 0;
				GCC_PREPROCESSOR_DEFINITIONS = (
					"DEBUG=1",
					"$(inherited)",
				);
				GCC_WARN_64_TO_32_BIT_CONVERSION = YES;
				GCC_WARN_ABOUT_RETURN_TYPE = YES_ERROR;
				GCC_WARN_UNDECLARED_SELECTOR = YES;
				GCC_WARN_UNINITIALIZED_AUTOS = YES_AGGRESSIVE;
				GCC_WARN_UNUSED_FUNCTION = YES;
				GCC_WARN_UNUSED_VARIABLE = YES;
				IPHONEOS_DEPLOYMENT_TARGET = 15.5;
				MTL_ENABLE_DEBUG_INFO = INCLUDE_SOURCE;
				MTL_FAST_MATH = YES;
				ONLY_ACTIVE_ARCH = YES;
				SDKROOT = iphoneos;
				SWIFT_ACTIVE_COMPILATION_CONDITIONS = DEBUG;
				SWIFT_OPTIMIZATION_LEVEL = "-Onone";
			};
			name = Debug;
		};
		70A9593128D33A3500540FDD /* Release */ = {
			isa = XCBuildConfiguration;
			buildSettings = {
				ALWAYS_SEARCH_USER_PATHS = NO;
				CLANG_ANALYZER_NONNULL = YES;
				CLANG_ANALYZER_NUMBER_OBJECT_CONVERSION = YES_AGGRESSIVE;
				CLANG_CXX_LANGUAGE_STANDARD = "gnu++17";
				CLANG_ENABLE_MODULES = YES;
				CLANG_ENABLE_OBJC_ARC = YES;
				CLANG_ENABLE_OBJC_WEAK = YES;
				CLANG_WARN_BLOCK_CAPTURE_AUTORELEASING = YES;
				CLANG_WARN_BOOL_CONVERSION = YES;
				CLANG_WARN_COMMA = YES;
				CLANG_WARN_CONSTANT_CONVERSION = YES;
				CLANG_WARN_DEPRECATED_OBJC_IMPLEMENTATIONS = YES;
				CLANG_WARN_DIRECT_OBJC_ISA_USAGE = YES_ERROR;
				CLANG_WARN_DOCUMENTATION_COMMENTS = YES;
				CLANG_WARN_EMPTY_BODY = YES;
				CLANG_WARN_ENUM_CONVERSION = YES;
				CLANG_WARN_INFINITE_RECURSION = YES;
				CLANG_WARN_INT_CONVERSION = YES;
				CLANG_WARN_NON_LITERAL_NULL_CONVERSION = YES;
				CLANG_WARN_OBJC_IMPLICIT_RETAIN_SELF = YES;
				CLANG_WARN_OBJC_LITERAL_CONVERSION = YES;
				CLANG_WARN_OBJC_ROOT_CLASS = YES_ERROR;
				CLANG_WARN_QUOTED_INCLUDE_IN_FRAMEWORK_HEADER = YES;
				CLANG_WARN_RANGE_LOOP_ANALYSIS = YES;
				CLANG_WARN_STRICT_PROTOTYPES = YES;
				CLANG_WARN_SUSPICIOUS_MOVE = YES;
				CLANG_WARN_UNGUARDED_AVAILABILITY = YES_AGGRESSIVE;
				CLANG_WARN_UNREACHABLE_CODE = YES;
				CLANG_WARN__DUPLICATE_METHOD_MATCH = YES;
				COPY_PHASE_STRIP = NO;
				DEBUG_INFORMATION_FORMAT = "dwarf-with-dsym";
				ENABLE_NS_ASSERTIONS = NO;
				ENABLE_STRICT_OBJC_MSGSEND = YES;
				GCC_C_LANGUAGE_STANDARD = gnu11;
				GCC_NO_COMMON_BLOCKS = YES;
				GCC_WARN_64_TO_32_BIT_CONVERSION = YES;
				GCC_WARN_ABOUT_RETURN_TYPE = YES_ERROR;
				GCC_WARN_UNDECLARED_SELECTOR = YES;
				GCC_WARN_UNINITIALIZED_AUTOS = YES_AGGRESSIVE;
				GCC_WARN_UNUSED_FUNCTION = YES;
				GCC_WARN_UNUSED_VARIABLE = YES;
				IPHONEOS_DEPLOYMENT_TARGET = 15.5;
				MTL_ENABLE_DEBUG_INFO = NO;
				MTL_FAST_MATH = YES;
				SDKROOT = iphoneos;
				SWIFT_COMPILATION_MODE = wholemodule;
				SWIFT_OPTIMIZATION_LEVEL = "-O";
				VALIDATE_PRODUCT = YES;
			};
			name = Release;
		};
		70A9593328D33A3500540FDD /* Debug */ = {
			isa = XCBuildConfiguration;
			buildSettings = {
				ASSETCATALOG_COMPILER_APPICON_NAME = AppIcon;
				ASSETCATALOG_COMPILER_GLOBAL_ACCENT_COLOR_NAME = AccentColor;
				CODE_SIGN_STYLE = Automatic;
				CURRENT_PROJECT_VERSION = 1;
				DEVELOPMENT_TEAM = 27UFW2M9H8;
				GENERATE_INFOPLIST_FILE = YES;
				INFOPLIST_FILE = TwitterApp/Info.plist;
				INFOPLIST_KEY_UIApplicationSupportsIndirectInputEvents = YES;
				INFOPLIST_KEY_UILaunchStoryboardName = LaunchScreen;
				INFOPLIST_KEY_UIMainStoryboardFile = Main;
				INFOPLIST_KEY_UISupportedInterfaceOrientations_iPad = "UIInterfaceOrientationPortrait UIInterfaceOrientationPortraitUpsideDown UIInterfaceOrientationLandscapeLeft UIInterfaceOrientationLandscapeRight";
				INFOPLIST_KEY_UISupportedInterfaceOrientations_iPhone = "UIInterfaceOrientationPortrait UIInterfaceOrientationLandscapeLeft UIInterfaceOrientationLandscapeRight";
				LD_RUNPATH_SEARCH_PATHS = (
					"$(inherited)",
					"@executable_path/Frameworks",
				);
				MARKETING_VERSION = 1.0;
				PRODUCT_BUNDLE_IDENTIFIER = teamASBOU.TwitterApp;
				PRODUCT_NAME = "$(TARGET_NAME)";
				SWIFT_EMIT_LOC_STRINGS = YES;
				SWIFT_VERSION = 5.0;
				TARGETED_DEVICE_FAMILY = "1,2";
			};
			name = Debug;
		};
		70A9593428D33A3500540FDD /* Release */ = {
			isa = XCBuildConfiguration;
			buildSettings = {
				ASSETCATALOG_COMPILER_APPICON_NAME = AppIcon;
				ASSETCATALOG_COMPILER_GLOBAL_ACCENT_COLOR_NAME = AccentColor;
				CODE_SIGN_STYLE = Automatic;
				CURRENT_PROJECT_VERSION = 1;
				DEVELOPMENT_TEAM = 27UFW2M9H8;
				GENERATE_INFOPLIST_FILE = YES;
				INFOPLIST_FILE = TwitterApp/Info.plist;
				INFOPLIST_KEY_UIApplicationSupportsIndirectInputEvents = YES;
				INFOPLIST_KEY_UILaunchStoryboardName = LaunchScreen;
				INFOPLIST_KEY_UIMainStoryboardFile = Main;
				INFOPLIST_KEY_UISupportedInterfaceOrientations_iPad = "UIInterfaceOrientationPortrait UIInterfaceOrientationPortraitUpsideDown UIInterfaceOrientationLandscapeLeft UIInterfaceOrientationLandscapeRight";
				INFOPLIST_KEY_UISupportedInterfaceOrientations_iPhone = "UIInterfaceOrientationPortrait UIInterfaceOrientationLandscapeLeft UIInterfaceOrientationLandscapeRight";
				LD_RUNPATH_SEARCH_PATHS = (
					"$(inherited)",
					"@executable_path/Frameworks",
				);
				MARKETING_VERSION = 1.0;
				PRODUCT_BUNDLE_IDENTIFIER = teamASBOU.TwitterApp;
				PRODUCT_NAME = "$(TARGET_NAME)";
				SWIFT_EMIT_LOC_STRINGS = YES;
				SWIFT_VERSION = 5.0;
				TARGETED_DEVICE_FAMILY = "1,2";
			};
			name = Release;
		};
		70A9593628D33A3500540FDD /* Debug */ = {
			isa = XCBuildConfiguration;
			buildSettings = {
				ALWAYS_EMBED_SWIFT_STANDARD_LIBRARIES = YES;
				BUNDLE_LOADER = "$(TEST_HOST)";
				CODE_SIGN_STYLE = Automatic;
				CURRENT_PROJECT_VERSION = 1;
				DEVELOPMENT_TEAM = 27UFW2M9H8;
				GENERATE_INFOPLIST_FILE = YES;
				IPHONEOS_DEPLOYMENT_TARGET = 15.5;
				MARKETING_VERSION = 1.0;
				PRODUCT_BUNDLE_IDENTIFIER = teamASBOU.TwitterAppTests;
				PRODUCT_NAME = "$(TARGET_NAME)";
				SWIFT_EMIT_LOC_STRINGS = NO;
				SWIFT_VERSION = 5.0;
				TARGETED_DEVICE_FAMILY = "1,2";
				TEST_HOST = "$(BUILT_PRODUCTS_DIR)/TwitterApp.app/TwitterApp";
			};
			name = Debug;
		};
		70A9593728D33A3500540FDD /* Release */ = {
			isa = XCBuildConfiguration;
			buildSettings = {
				ALWAYS_EMBED_SWIFT_STANDARD_LIBRARIES = YES;
				BUNDLE_LOADER = "$(TEST_HOST)";
				CODE_SIGN_STYLE = Automatic;
				CURRENT_PROJECT_VERSION = 1;
				DEVELOPMENT_TEAM = 27UFW2M9H8;
				GENERATE_INFOPLIST_FILE = YES;
				IPHONEOS_DEPLOYMENT_TARGET = 15.5;
				MARKETING_VERSION = 1.0;
				PRODUCT_BUNDLE_IDENTIFIER = teamASBOU.TwitterAppTests;
				PRODUCT_NAME = "$(TARGET_NAME)";
				SWIFT_EMIT_LOC_STRINGS = NO;
				SWIFT_VERSION = 5.0;
				TARGETED_DEVICE_FAMILY = "1,2";
				TEST_HOST = "$(BUILT_PRODUCTS_DIR)/TwitterApp.app/TwitterApp";
			};
			name = Release;
		};
		70A9593928D33A3500540FDD /* Debug */ = {
			isa = XCBuildConfiguration;
			buildSettings = {
				ALWAYS_EMBED_SWIFT_STANDARD_LIBRARIES = YES;
				CODE_SIGN_STYLE = Automatic;
				CURRENT_PROJECT_VERSION = 1;
				DEVELOPMENT_TEAM = 27UFW2M9H8;
				GENERATE_INFOPLIST_FILE = YES;
				MARKETING_VERSION = 1.0;
				PRODUCT_BUNDLE_IDENTIFIER = teamASBOU.TwitterAppUITests;
				PRODUCT_NAME = "$(TARGET_NAME)";
				SWIFT_EMIT_LOC_STRINGS = NO;
				SWIFT_VERSION = 5.0;
				TARGETED_DEVICE_FAMILY = "1,2";
				TEST_TARGET_NAME = TwitterApp;
			};
			name = Debug;
		};
		70A9593A28D33A3500540FDD /* Release */ = {
			isa = XCBuildConfiguration;
			buildSettings = {
				ALWAYS_EMBED_SWIFT_STANDARD_LIBRARIES = YES;
				CODE_SIGN_STYLE = Automatic;
				CURRENT_PROJECT_VERSION = 1;
				DEVELOPMENT_TEAM = 27UFW2M9H8;
				GENERATE_INFOPLIST_FILE = YES;
				MARKETING_VERSION = 1.0;
				PRODUCT_BUNDLE_IDENTIFIER = teamASBOU.TwitterAppUITests;
				PRODUCT_NAME = "$(TARGET_NAME)";
				SWIFT_EMIT_LOC_STRINGS = NO;
				SWIFT_VERSION = 5.0;
				TARGETED_DEVICE_FAMILY = "1,2";
				TEST_TARGET_NAME = TwitterApp;
			};
			name = Release;
		};
/* End XCBuildConfiguration section */

/* Begin XCConfigurationList section */
		70A9590028D33A3300540FDD /* Build configuration list for PBXProject "TwitterApp" */ = {
			isa = XCConfigurationList;
			buildConfigurations = (
				70A9593028D33A3500540FDD /* Debug */,
				70A9593128D33A3500540FDD /* Release */,
			);
			defaultConfigurationIsVisible = 0;
			defaultConfigurationName = Release;
		};
		70A9593228D33A3500540FDD /* Build configuration list for PBXNativeTarget "TwitterApp" */ = {
			isa = XCConfigurationList;
			buildConfigurations = (
				70A9593328D33A3500540FDD /* Debug */,
				70A9593428D33A3500540FDD /* Release */,
			);
			defaultConfigurationIsVisible = 0;
			defaultConfigurationName = Release;
		};
		70A9593528D33A3500540FDD /* Build configuration list for PBXNativeTarget "TwitterAppTests" */ = {
			isa = XCConfigurationList;
			buildConfigurations = (
				70A9593628D33A3500540FDD /* Debug */,
				70A9593728D33A3500540FDD /* Release */,
			);
			defaultConfigurationIsVisible = 0;
			defaultConfigurationName = Release;
		};
		70A9593828D33A3500540FDD /* Build configuration list for PBXNativeTarget "TwitterAppUITests" */ = {
			isa = XCConfigurationList;
			buildConfigurations = (
				70A9593928D33A3500540FDD /* Debug */,
				70A9593A28D33A3500540FDD /* Release */,
			);
			defaultConfigurationIsVisible = 0;
			defaultConfigurationName = Release;
		};
/* End XCConfigurationList section */

/* Begin XCVersionGroup section */
		70A9591128D33A3300540FDD /* TwitterApp.xcdatamodeld */ = {
			isa = XCVersionGroup;
			children = (
				70A9591228D33A3300540FDD /* TwitterApp.xcdatamodel */,
			);
			currentVersion = 70A9591228D33A3300540FDD /* TwitterApp.xcdatamodel */;
			path = TwitterApp.xcdatamodeld;
			sourceTree = "<group>";
			versionGroupType = wrapper.xcdatamodel;
		};
/* End XCVersionGroup section */
	};
	rootObject = 70A958FD28D33A3300540FDD /* Project object */;
}
